
Microsoft Visual Studio Solution File, Format Version 12.00
# Visual Studio Version 16
VisualStudioVersion = 16.0.31729.503
MinimumVisualStudioVersion = 10.0.40219.1
Project("{9A19103F-16F7-4668-BE54-9A1E7A4F7556}") = "Camp", "Camp\Camp.csproj", "{9121BA7C-02E2-497F-AA03-53C349440B06}"
EndProject
Project("{9A19103F-16F7-4668-BE54-9A1E7A4F7556}") = "Vector", "Vector\Vector.csproj", "{E7A72459-E9FD-4A1F-8EFC-D1C993BF47C0}"
EndProject
Project("{9A19103F-16F7-4668-BE54-9A1E7A4F7556}") = "Homework4", "Homework4\Homework4.csproj", "{B015329A-C525-4108-B42E-11DB2252172C}"
EndProject
Project("{FAE04EC0-301F-11D3-BF4B-00C04F79EFBC}") = "Homework1", "Homework1\Homework1.csproj", "{7888E7DA-1991-4650-8F80-709F6B7CF6F9}"
EndProject
Project("{FAE04EC0-301F-11D3-BF4B-00C04F79EFBC}") = "Homework2", "Homework2\Homework2.csproj", "{EA82584C-B083-4AC2-B1C1-CA962416B569}"
EndProject
Project("{FAE04EC0-301F-11D3-BF4B-00C04F79EFBC}") = "Homework2_2", "Homework2_2\Homework2_2.csproj", "{7B2FC450-8BC3-492B-96C3-75CD9AB224A9}"
EndProject
Project("{FAE04EC0-301F-11D3-BF4B-00C04F79EFBC}") = "Homework3", "Homework3\Homework3.csproj", "{79398C4A-29FD-4723-B7DF-C65DF2B4EB4A}"
EndProject
Project("{FAE04EC0-301F-11D3-BF4B-00C04F79EFBC}") = "Homework5", "Homework5\Homework5.csproj", "{05BF041B-F75C-4605-922A-81403AF94FD9}"
EndProject
Global
	GlobalSection(SolutionConfigurationPlatforms) = preSolution
		Debug|Any CPU = Debug|Any CPU
		Release|Any CPU = Release|Any CPU
	EndGlobalSection
	GlobalSection(ProjectConfigurationPlatforms) = postSolution
		{9121BA7C-02E2-497F-AA03-53C349440B06}.Debug|Any CPU.ActiveCfg = Debug|Any CPU
		{9121BA7C-02E2-497F-AA03-53C349440B06}.Debug|Any CPU.Build.0 = Debug|Any CPU
		{9121BA7C-02E2-497F-AA03-53C349440B06}.Release|Any CPU.ActiveCfg = Release|Any CPU
		{9121BA7C-02E2-497F-AA03-53C349440B06}.Release|Any CPU.Build.0 = Release|Any CPU
		{E7A72459-E9FD-4A1F-8EFC-D1C993BF47C0}.Debug|Any CPU.ActiveCfg = Debug|Any CPU
		{E7A72459-E9FD-4A1F-8EFC-D1C993BF47C0}.Debug|Any CPU.Build.0 = Debug|Any CPU
		{E7A72459-E9FD-4A1F-8EFC-D1C993BF47C0}.Release|Any CPU.ActiveCfg = Release|Any CPU
		{E7A72459-E9FD-4A1F-8EFC-D1C993BF47C0}.Release|Any CPU.Build.0 = Release|Any CPU
		{B015329A-C525-4108-B42E-11DB2252172C}.Debug|Any CPU.ActiveCfg = Debug|Any CPU
		{B015329A-C525-4108-B42E-11DB2252172C}.Debug|Any CPU.Build.0 = Debug|Any CPU
		{B015329A-C525-4108-B42E-11DB2252172C}.Release|Any CPU.ActiveCfg = Release|Any CPU
		{B015329A-C525-4108-B42E-11DB2252172C}.Release|Any CPU.Build.0 = Release|Any CPU
		{7888E7DA-1991-4650-8F80-709F6B7CF6F9}.Debug|Any CPU.ActiveCfg = Debug|Any CPU
		{7888E7DA-1991-4650-8F80-709F6B7CF6F9}.Debug|Any CPU.Build.0 = Debug|Any CPU
		{7888E7DA-1991-4650-8F80-709F6B7CF6F9}.Release|Any CPU.ActiveCfg = Release|Any CPU
		{7888E7DA-1991-4650-8F80-709F6B7CF6F9}.Release|Any CPU.Build.0 = Release|Any CPU
		{EA82584C-B083-4AC2-B1C1-CA962416B569}.Debug|Any CPU.ActiveCfg = Debug|Any CPU
		{EA82584C-B083-4AC2-B1C1-CA962416B569}.Debug|Any CPU.Build.0 = Debug|Any CPU
		{EA82584C-B083-4AC2-B1C1-CA962416B569}.Release|Any CPU.ActiveCfg = Release|Any CPU
		{EA82584C-B083-4AC2-B1C1-CA962416B569}.Release|Any CPU.Build.0 = Release|Any CPU
		{7B2FC450-8BC3-492B-96C3-75CD9AB224A9}.Debug|Any CPU.ActiveCfg = Debug|Any CPU
		{7B2FC450-8BC3-492B-96C3-75CD9AB224A9}.Debug|Any CPU.Build.0 = Debug|Any CPU
		{7B2FC450-8BC3-492B-96C3-75CD9AB224A9}.Release|Any CPU.ActiveCfg = Release|Any CPU
		{7B2FC450-8BC3-492B-96C3-75CD9AB224A9}.Release|Any CPU.Build.0 = Release|Any CPU
		{79398C4A-29FD-4723-B7DF-C65DF2B4EB4A}.Debug|Any CPU.ActiveCfg = Debug|Any CPU
		{79398C4A-29FD-4723-B7DF-C65DF2B4EB4A}.Debug|Any CPU.Build.0 = Debug|Any CPU
		{79398C4A-29FD-4723-B7DF-C65DF2B4EB4A}.Release|Any CPU.ActiveCfg = Release|Any CPU
		{79398C4A-29FD-4723-B7DF-C65DF2B4EB4A}.Release|Any CPU.Build.0 = Release|Any CPU
		{05BF041B-F75C-4605-922A-81403AF94FD9}.Debug|Any CPU.ActiveCfg = Debug|Any CPU
		{05BF041B-F75C-4605-922A-81403AF94FD9}.Debug|Any CPU.Build.0 = Debug|Any CPU
		{05BF041B-F75C-4605-922A-81403AF94FD9}.Release|Any CPU.ActiveCfg = Release|Any CPU
		{05BF041B-F75C-4605-922A-81403AF94FD9}.Release|Any CPU.Build.0 = Release|Any CPU
	EndGlobalSection
	GlobalSection(SolutionProperties) = preSolution
		HideSolutionNode = FALSE
	EndGlobalSection
	GlobalSection(ExtensibilityGlobals) = postSolution
		SolutionGuid = {BBB92FAE-3C06-41A8-BA4D-08492D972FFC}
	EndGlobalSection
EndGlobal
